// !$*UTF8*$!
{
	archiveVersion = 1;
	classes = {
	};
	objectVersion = 56;
	objects = {

/* Begin PBXBuildFile section */
		ED7707E129AD3C08009AB601 /* NotesTodoApp.swift in Sources */ = {isa = PBXBuildFile; fileRef = ED7707E029AD3C08009AB601 /* NotesTodoApp.swift */; };
		ED7707E329AD3C08009AB601 /* ContentView.swift in Sources */ = {isa = PBXBuildFile; fileRef = ED7707E229AD3C08009AB601 /* ContentView.swift */; };
		ED7707E529AD3C08009AB601 /* Assets.xcassets in Resources */ = {isa = PBXBuildFile; fileRef = ED7707E429AD3C08009AB601 /* Assets.xcassets */; };
		ED7707E929AD3C08009AB601 /* Preview Assets.xcassets in Resources */ = {isa = PBXBuildFile; fileRef = ED7707E829AD3C08009AB601 /* Preview Assets.xcassets */; };
		ED7707F329AD3C08009AB601 /* NotesTodoTests.swift in Sources */ = {isa = PBXBuildFile; fileRef = ED7707F229AD3C08009AB601 /* NotesTodoTests.swift */; };
		ED7707FD29AD3C08009AB601 /* NotesTodoUITests.swift in Sources */ = {isa = PBXBuildFile; fileRef = ED7707FC29AD3C08009AB601 /* NotesTodoUITests.swift */; };
		ED7707FF29AD3C08009AB601 /* NotesTodoUITestsLaunchTests.swift in Sources */ = {isa = PBXBuildFile; fileRef = ED7707FE29AD3C08009AB601 /* NotesTodoUITestsLaunchTests.swift */; };
/* End PBXBuildFile section */

/* Begin PBXContainerItemProxy section */
		ED7707EF29AD3C08009AB601 /* PBXContainerItemProxy */ = {
			isa = PBXContainerItemProxy;
			containerPortal = ED7707D529AD3C07009AB601 /* Project object */;
			proxyType = 1;
			remoteGlobalIDString = ED7707DC29AD3C08009AB601;
			remoteInfo = NotesTodo;
		};
		ED7707F929AD3C08009AB601 /* PBXContainerItemProxy */ = {
			isa = PBXContainerItemProxy;
			containerPortal = ED7707D529AD3C07009AB601 /* Project object */;
			proxyType = 1;
			remoteGlobalIDString = ED7707DC29AD3C08009AB601;
			remoteInfo = NotesTodo;
		};
/* End PBXContainerItemProxy section */

/* Begin PBXFileReference section */
		ED7707DD29AD3C08009AB601 /* NotesTodo.app */ = {isa = PBXFileReference; explicitFileType = wrapper.application; includeInIndex = 0; path = NotesTodo.app; sourceTree = BUILT_PRODUCTS_DIR; };
		ED7707E029AD3C08009AB601 /* NotesTodoApp.swift */ = {isa = PBXFileReference; lastKnownFileType = sourcecode.swift; path = NotesTodoApp.swift; sourceTree = "<group>"; };
		ED7707E229AD3C08009AB601 /* ContentView.swift */ = {isa = PBXFileReference; lastKnownFileType = sourcecode.swift; path = ContentView.swift; sourceTree = "<group>"; };
		ED7707E429AD3C08009AB601 /* Assets.xcassets */ = {isa = PBXFileReference; lastKnownFileType = folder.assetcatalog; path = Assets.xcassets; sourceTree = "<group>"; };
		ED7707E629AD3C08009AB601 /* NotesTodo.entitlements */ = {isa = PBXFileReference; lastKnownFileType = text.plist.entitlements; path = NotesTodo.entitlements; sourceTree = "<group>"; };
		ED7707E829AD3C08009AB601 /* Preview Assets.xcassets */ = {isa = PBXFileReference; lastKnownFileType = folder.assetcatalog; path = "Preview Assets.xcassets"; sourceTree = "<group>"; };
		ED7707EE29AD3C08009AB601 /* NotesTodoTests.xctest */ = {isa = PBXFileReference; explicitFileType = wrapper.cfbundle; includeInIndex = 0; path = NotesTodoTests.xctest; sourceTree = BUILT_PRODUCTS_DIR; };
		ED7707F229AD3C08009AB601 /* NotesTodoTests.swift */ = {isa = PBXFileReference; lastKnownFileType = sourcecode.swift; path = NotesTodoTests.swift; sourceTree = "<group>"; };
		ED7707F829AD3C08009AB601 /* NotesTodoUITests.xctest */ = {isa = PBXFileReference; explicitFileType = wrapper.cfbundle; includeInIndex = 0; path = NotesTodoUITests.xctest; sourceTree = BUILT_PRODUCTS_DIR; };
		ED7707FC29AD3C08009AB601 /* NotesTodoUITests.swift */ = {isa = PBXFileReference; lastKnownFileType = sourcecode.swift; path = NotesTodoUITests.swift; sourceTree = "<group>"; };
		ED7707FE29AD3C08009AB601 /* NotesTodoUITestsLaunchTests.swift */ = {isa = PBXFileReference; lastKnownFileType = sourcecode.swift; path = NotesTodoUITestsLaunchTests.swift; sourceTree = "<group>"; };
/* End PBXFileReference section */

/* Begin PBXFrameworksBuildPhase section */
		ED7707DA29AD3C08009AB601 /* Frameworks */ = {
			isa = PBXFrameworksBuildPhase;
			buildActionMask = 2147483647;
			files = (
			);
			runOnlyForDeploymentPostprocessing = 0;
		};
		ED7707EB29AD3C08009AB601 /* Frameworks */ = {
			isa = PBXFrameworksBuildPhase;
			buildActionMask = 2147483647;
			files = (
			);
			runOnlyForDeploymentPostprocessing = 0;
		};
		ED7707F529AD3C08009AB601 /* Frameworks */ = {
			isa = PBXFrameworksBuildPhase;
			buildActionMask = 2147483647;
			files = (
			);
			runOnlyForDeploymentPostprocessing = 0;
		};
/* End PBXFrameworksBuildPhase section */

/* Begin PBXGroup section */
		ED7707D429AD3C07009AB601 = {
			isa = PBXGroup;
			children = (
				ED7707DF29AD3C08009AB601 /* NotesTodo */,
				ED7707F129AD3C08009AB601 /* NotesTodoTests */,
				ED7707FB29AD3C08009AB601 /* NotesTodoUITests */,
				ED7707DE29AD3C08009AB601 /* Products */,
			);
			sourceTree = "<group>";
		};
		ED7707DE29AD3C08009AB601 /* Products */ = {
			isa = PBXGroup;
			children = (
				ED7707DD29AD3C08009AB601 /* NotesTodo.app */,
				ED7707EE29AD3C08009AB601 /* NotesTodoTests.xctest */,
				ED7707F829AD3C08009AB601 /* NotesTodoUITests.xctest */,
			);
			name = Products;
			sourceTree = "<group>";
		};
		ED7707DF29AD3C08009AB601 /* NotesTodo */ = {
			isa = PBXGroup;
			children = (
				ED7707E029AD3C08009AB601 /* NotesTodoApp.swift */,
				ED7707E229AD3C08009AB601 /* ContentView.swift */,
				ED7707E429AD3C08009AB601 /* Assets.xcassets */,
				ED7707E629AD3C08009AB601 /* NotesTodo.entitlements */,
				ED7707E729AD3C08009AB601 /* Preview Content */,
			);
			path = NotesTodo;
			sourceTree = "<group>";
		};
		ED7707E729AD3C08009AB601 /* Preview Content */ = {
			isa = PBXGroup;
			children = (
				ED7707E829AD3C08009AB601 /* Preview Assets.xcassets */,
			);
			path = "Preview Content";
			sourceTree = "<group>";
		};
		ED7707F129AD3C08009AB601 /* NotesTodoTests */ = {
			isa = PBXGroup;
			children = (
				ED7707F229AD3C08009AB601 /* NotesTodoTests.swift */,
			);
			path = NotesTodoTests;
			sourceTree = "<group>";
		};
		ED7707FB29AD3C08009AB601 /* NotesTodoUITests */ = {
			isa = PBXGroup;
			children = (
				ED7707FC29AD3C08009AB601 /* NotesTodoUITests.swift */,
				ED7707FE29AD3C08009AB601 /* NotesTodoUITestsLaunchTests.swift */,
			);
			path = NotesTodoUITests;
			sourceTree = "<group>";
		};
/* End PBXGroup section */

/* Begin PBXNativeTarget section */
		ED7707DC29AD3C08009AB601 /* NotesTodo */ = {
			isa = PBXNativeTarget;
			buildConfigurationList = ED77080229AD3C08009AB601 /* Build configuration list for PBXNativeTarget "NotesTodo" */;
			buildPhases = (
				ED7707D929AD3C08009AB601 /* Sources */,
				ED7707DA29AD3C08009AB601 /* Frameworks */,
				ED7707DB29AD3C08009AB601 /* Resources */,
			);
			buildRules = (
			);
			dependencies = (
			);
			name = NotesTodo;
			productName = NotesTodo;
			productReference = ED7707DD29AD3C08009AB601 /* NotesTodo.app */;
			productType = "com.apple.product-type.application";
		};
		ED7707ED29AD3C08009AB601 /* NotesTodoTests */ = {
			isa = PBXNativeTarget;
			buildConfigurationList = ED77080529AD3C08009AB601 /* Build configuration list for PBXNativeTarget "NotesTodoTests" */;
			buildPhases = (
				ED7707EA29AD3C08009AB601 /* Sources */,
				ED7707EB29AD3C08009AB601 /* Frameworks */,
				ED7707EC29AD3C08009AB601 /* Resources */,
			);
			buildRules = (
			);
			dependencies = (
				ED7707F029AD3C08009AB601 /* PBXTargetDependency */,
			);
			name = NotesTodoTests;
			productName = NotesTodoTests;
			productReference = ED7707EE29AD3C08009AB601 /* NotesTodoTests.xctest */;
			productType = "com.apple.product-type.bundle.unit-test";
		};
		ED7707F729AD3C08009AB601 /* NotesTodoUITests */ = {
			isa = PBXNativeTarget;
			buildConfigurationList = ED77080829AD3C08009AB601 /* Build configuration list for PBXNativeTarget "NotesTodoUITests" */;
			buildPhases = (
				ED7707F429AD3C08009AB601 /* Sources */,
				ED7707F529AD3C08009AB601 /* Frameworks */,
				ED7707F629AD3C08009AB601 /* Resources */,
			);
			buildRules = (
			);
			dependencies = (
				ED7707FA29AD3C08009AB601 /* PBXTargetDependency */,
			);
			name = NotesTodoUITests;
			productName = NotesTodoUITests;
			productReference = ED7707F829AD3C08009AB601 /* NotesTodoUITests.xctest */;
			productType = "com.apple.product-type.bundle.ui-testing";
		};
/* End PBXNativeTarget section */

/* Begin PBXProject section */
		ED7707D529AD3C07009AB601 /* Project object */ = {
			isa = PBXProject;
			attributes = {
				BuildIndependentTargetsInParallel = 1;
				LastSwiftUpdateCheck = 1420;
				LastUpgradeCheck = 1420;
				TargetAttributes = {
					ED7707DC29AD3C08009AB601 = {
						CreatedOnToolsVersion = 14.2;
					};
					ED7707ED29AD3C08009AB601 = {
						CreatedOnToolsVersion = 14.2;
						TestTargetID = ED7707DC29AD3C08009AB601;
					};
					ED7707F729AD3C08009AB601 = {
						CreatedOnToolsVersion = 14.2;
						TestTargetID = ED7707DC29AD3C08009AB601;
					};
				};
			};
			buildConfigurationList = ED7707D829AD3C07009AB601 /* Build configuration list for PBXProject "NotesTodo" */;
			compatibilityVersion = "Xcode 14.0";
			developmentRegion = en;
			hasScannedForEncodings = 0;
			knownRegions = (
				en,
				Base,
			);
			mainGroup = ED7707D429AD3C07009AB601;
			productRefGroup = ED7707DE29AD3C08009AB601 /* Products */;
			projectDirPath = "";
			projectRoot = "";
			targets = (
				ED7707DC29AD3C08009AB601 /* NotesTodo */,
				ED7707ED29AD3C08009AB601 /* NotesTodoTests */,
				ED7707F729AD3C08009AB601 /* NotesTodoUITests */,
			);
		};
/* End PBXProject section */

/* Begin PBXResourcesBuildPhase section */
		ED7707DB29AD3C08009AB601 /* Resources */ = {
			isa = PBXResourcesBuildPhase;
			buildActionMask = 2147483647;
			files = (
				ED7707E929AD3C08009AB601 /* Preview Assets.xcassets in Resources */,
				ED7707E529AD3C08009AB601 /* Assets.xcassets in Resources */,
			);
			runOnlyForDeploymentPostprocessing = 0;
		};
		ED7707EC29AD3C08009AB601 /* Resources */ = {
			isa = PBXResourcesBuildPhase;
			buildActionMask = 2147483647;
			files = (
			);
			runOnlyForDeploymentPostprocessing = 0;
		};
		ED7707F629AD3C08009AB601 /* Resources */ = {
			isa = PBXResourcesBuildPhase;
			buildActionMask = 2147483647;
			files = (
			);
			runOnlyForDeploymentPostprocessing = 0;
		};
/* End PBXResourcesBuildPhase section */

/* Begin PBXSourcesBuildPhase section */
		ED7707D929AD3C08009AB601 /* Sources */ = {
			isa = PBXSourcesBuildPhase;
			buildActionMask = 2147483647;
			files = (
				ED7707E329AD3C08009AB601 /* ContentView.swift in Sources */,
				ED7707E129AD3C08009AB601 /* NotesTodoApp.swift in Sources */,
			);
			runOnlyForDeploymentPostprocessing = 0;
		};
		ED7707EA29AD3C08009AB601 /* Sources */ = {
			isa = PBXSourcesBuildPhase;
			buildActionMask = 2147483647;
			files = (
				ED7707F329AD3C08009AB601 /* NotesTodoTests.swift in Sources */,
			);
			runOnlyForDeploymentPostprocessing = 0;
		};
		ED7707F429AD3C08009AB601 /* Sources */ = {
			isa = PBXSourcesBuildPhase;
			buildActionMask = 2147483647;
			files = (
				ED7707FF29AD3C08009AB601 /* NotesTodoUITestsLaunchTests.swift in Sources */,
				ED7707FD29AD3C08009AB601 /* NotesTodoUITests.swift in Sources */,
			);
			runOnlyForDeploymentPostprocessing = 0;
		};
/* End PBXSourcesBuildPhase section */

/* Begin PBXTargetDependency section */
		ED7707F029AD3C08009AB601 /* PBXTargetDependency */ = {
			isa = PBXTargetDependency;
			target = ED7707DC29AD3C08009AB601 /* NotesTodo */;
			targetProxy = ED7707EF29AD3C08009AB601 /* PBXContainerItemProxy */;
		};
		ED7707FA29AD3C08009AB601 /* PBXTargetDependency */ = {
			isa = PBXTargetDependency;
			target = ED7707DC29AD3C08009AB601 /* NotesTodo */;
			targetProxy = ED7707F929AD3C08009AB601 /* PBXContainerItemProxy */;
		};
/* End PBXTargetDependency section */

/* Begin XCBuildConfiguration section */
		ED77080029AD3C08009AB601 /* Debug */ = {
			isa = XCBuildConfiguration;
			buildSettings = {
				ALWAYS_SEARCH_USER_PATHS = NO;
				CLANG_ANALYZER_NONNULL = YES;
				CLANG_ANALYZER_NUMBER_OBJECT_CONVERSION = YES_AGGRESSIVE;
				CLANG_CXX_LANGUAGE_STANDARD = "gnu++20";
				CLANG_ENABLE_MODULES = YES;
				CLANG_ENABLE_OBJC_ARC = YES;
				CLANG_ENABLE_OBJC_WEAK = YES;
				CLANG_WARN_BLOCK_CAPTURE_AUTORELEASING = YES;
				CLANG_WARN_BOOL_CONVERSION = YES;
				CLANG_WARN_COMMA = YES;
				CLANG_WARN_CONSTANT_CONVERSION = YES;
				CLANG_WARN_DEPRECATED_OBJC_IMPLEMENTATIONS = YES;
				CLANG_WARN_DIRECT_OBJC_ISA_USAGE = YES_ERROR;
				CLANG_WARN_DOCUMENTATION_COMMENTS = YES;
				CLANG_WARN_EMPTY_BODY = YES;
				CLANG_WARN_ENUM_CONVERSION = YES;
				CLANG_WARN_INFINITE_RECURSION = YES;
				CLANG_WARN_INT_CONVERSION = YES;
				CLANG_WARN_NON_LITERAL_NULL_CONVERSION = YES;
				CLANG_WARN_OBJC_IMPLICIT_RETAIN_SELF = YES;
				CLANG_WARN_OBJC_LITERAL_CONVERSION = YES;
				CLANG_WARN_OBJC_ROOT_CLASS = YES_ERROR;
				CLANG_WARN_QUOTED_INCLUDE_IN_FRAMEWORK_HEADER = YES;
				CLANG_WARN_RANGE_LOOP_ANALYSIS = YES;
				CLANG_WARN_STRICT_PROTOTYPES = YES;
				CLANG_WARN_SUSPICIOUS_MOVE = YES;
				CLANG_WARN_UNGUARDED_AVAILABILITY = YES_AGGRESSIVE;
				CLANG_WARN_UNREACHABLE_CODE = YES;
				CLANG_WARN__DUPLICATE_METHOD_MATCH = YES;
				COPY_PHASE_STRIP = NO;
				DEBUG_INFORMATION_FORMAT = dwarf;
				ENABLE_STRICT_OBJC_MSGSEND = YES;
				ENABLE_TESTABILITY = YES;
				GCC_C_LANGUAGE_STANDARD = gnu11;
				GCC_DYNAMIC_NO_PIC = NO;
				GCC_NO_COMMON_BLOCKS = YES;
				GCC_OPTIMIZATION_LEVEL = 0;
				GCC_PREPROCESSOR_DEFINITIONS = (
					"DEBUG=1",
					"$(inherited)",
				);
				GCC_WARN_64_TO_32_BIT_CONVERSION = YES;
				GCC_WARN_ABOUT_RETURN_TYPE = YES_ERROR;
				GCC_WARN_UNDECLARED_SELECTOR = YES;
				GCC_WARN_UNINITIALIZED_AUTOS = YES_AGGRESSIVE;
				GCC_WARN_UNUSED_FUNCTION = YES;
				GCC_WARN_UNUSED_VARIABLE = YES;
				MTL_ENABLE_DEBUG_INFO = INCLUDE_SOURCE;
				MTL_FAST_MATH = YES;
				ONLY_ACTIVE_ARCH = YES;
				SWIFT_ACTIVE_COMPILATION_CONDITIONS = DEBUG;
				SWIFT_OPTIMIZATION_LEVEL = "-Onone";
			};
			name = Debug;
		};
		ED77080129AD3C08009AB601 /* Release */ = {
			isa = XCBuildConfiguration;
			buildSettings = {
				ALWAYS_SEARCH_USER_PATHS = NO;
				CLANG_ANALYZER_NONNULL = YES;
				CLANG_ANALYZER_NUMBER_OBJECT_CONVERSION = YES_AGGRESSIVE;
				CLANG_CXX_LANGUAGE_STANDARD = "gnu++20";
				CLANG_ENABLE_MODULES = YES;
				CLANG_ENABLE_OBJC_ARC = YES;
				CLANG_ENABLE_OBJC_WEAK = YES;
				CLANG_WARN_BLOCK_CAPTURE_AUTORELEASING = YES;
				CLANG_WARN_BOOL_CONVERSION = YES;
				CLANG_WARN_COMMA = YES;
				CLANG_WARN_CONSTANT_CONVERSION = YES;
				CLANG_WARN_DEPRECATED_OBJC_IMPLEMENTATIONS = YES;
				CLANG_WARN_DIRECT_OBJC_ISA_USAGE = YES_ERROR;
				CLANG_WARN_DOCUMENTATION_COMMENTS = YES;
				CLANG_WARN_EMPTY_BODY = YES;
				CLANG_WARN_ENUM_CONVERSION = YES;
				CLANG_WARN_INFINITE_RECURSION = YES;
				CLANG_WARN_INT_CONVERSION = YES;
				CLANG_WARN_NON_LITERAL_NULL_CONVERSION = YES;
				CLANG_WARN_OBJC_IMPLICIT_RETAIN_SELF = YES;
				CLANG_WARN_OBJC_LITERAL_CONVERSION = YES;
				CLANG_WARN_OBJC_ROOT_CLASS = YES_ERROR;
				CLANG_WARN_QUOTED_INCLUDE_IN_FRAMEWORK_HEADER = YES;
				CLANG_WARN_RANGE_LOOP_ANALYSIS = YES;
				CLANG_WARN_STRICT_PROTOTYPES = YES;
				CLANG_WARN_SUSPICIOUS_MOVE = YES;
				CLANG_WARN_UNGUARDED_AVAILABILITY = YES_AGGRESSIVE;
				CLANG_WARN_UNREACHABLE_CODE = YES;
				CLANG_WARN__DUPLICATE_METHOD_MATCH = YES;
				COPY_PHASE_STRIP = NO;
				DEBUG_INFORMATION_FORMAT = "dwarf-with-dsym";
				ENABLE_NS_ASSERTIONS = NO;
				ENABLE_STRICT_OBJC_MSGSEND = YES;
				GCC_C_LANGUAGE_STANDARD = gnu11;
				GCC_NO_COMMON_BLOCKS = YES;
				GCC_WARN_64_TO_32_BIT_CONVERSION = YES;
				GCC_WARN_ABOUT_RETURN_TYPE = YES_ERROR;
				GCC_WARN_UNDECLARED_SELECTOR = YES;
				GCC_WARN_UNINITIALIZED_AUTOS = YES_AGGRESSIVE;
				GCC_WARN_UNUSED_FUNCTION = YES;
				GCC_WARN_UNUSED_VARIABLE = YES;
				MTL_ENABLE_DEBUG_INFO = NO;
				MTL_FAST_MATH = YES;
				SWIFT_COMPILATION_MODE = wholemodule;
				SWIFT_OPTIMIZATION_LEVEL = "-O";
			};
			name = Release;
		};
		ED77080329AD3C08009AB601 /* Debug */ = {
			isa = XCBuildConfiguration;
			buildSettings = {
				ASSETCATALOG_COMPILER_APPICON_NAME = AppIcon;
				ASSETCATALOG_COMPILER_GLOBAL_ACCENT_COLOR_NAME = AccentColor;
				CODE_SIGN_ENTITLEMENTS = NotesTodo/NotesTodo.entitlements;
				CODE_SIGN_STYLE = Automatic;
				CURRENT_PROJECT_VERSION = 1;
				DEVELOPMENT_ASSET_PATHS = "\"NotesTodo/Preview Content\"";
				ENABLE_PREVIEWS = YES;
				GENERATE_INFOPLIST_FILE = YES;
				"INFOPLIST_KEY_UIApplicationSceneManifest_Generation[sdk=iphoneos*]" = YES;
				"INFOPLIST_KEY_UIApplicationSceneManifest_Generation[sdk=iphonesimulator*]" = YES;
				"INFOPLIST_KEY_UIApplicationSupportsIndirectInputEvents[sdk=iphoneos*]" = YES;
				"INFOPLIST_KEY_UIApplicationSupportsIndirectInputEvents[sdk=iphonesimulator*]" = YES;
				"INFOPLIST_KEY_UILaunchScreen_Generation[sdk=iphoneos*]" = YES;
				"INFOPLIST_KEY_UILaunchScreen_Generation[sdk=iphonesimulator*]" = YES;
				"INFOPLIST_KEY_UIStatusBarStyle[sdk=iphoneos*]" = UIStatusBarStyleDefault;
				"INFOPLIST_KEY_UIStatusBarStyle[sdk=iphonesimulator*]" = UIStatusBarStyleDefault;
				INFOPLIST_KEY_UISupportedInterfaceOrientations_iPad = "UIInterfaceOrientationPortrait UIInterfaceOrientationPortraitUpsideDown UIInterfaceOrientationLandscapeLeft UIInterfaceOrientationLandscapeRight";
				INFOPLIST_KEY_UISupportedInterfaceOrientations_iPhone = "UIInterfaceOrientationPortrait UIInterfaceOrientationLandscapeLeft UIInterfaceOrientationLandscapeRight";
				IPHONEOS_DEPLOYMENT_TARGET = 16.2;
				LD_RUNPATH_SEARCH_PATHS = "@executable_path/Frameworks";
				"LD_RUNPATH_SEARCH_PATHS[sdk=macosx*]" = "@executable_path/../Frameworks";
				MACOSX_DEPLOYMENT_TARGET = 13.1;
				MARKETING_VERSION = 1.0;
				PRODUCT_BUNDLE_IDENTIFIER = com.baddazi.NotesTodo;
				PRODUCT_NAME = "$(TARGET_NAME)";
				SDKROOT = auto;
				SUPPORTED_PLATFORMS = "iphoneos iphonesimulator macosx";
				SWIFT_EMIT_LOC_STRINGS = YES;
				SWIFT_VERSION = 5.0;
				TARGETED_DEVICE_FAMILY = "1,2";
			};
			name = Debug;
		};
		ED77080429AD3C08009AB601 /* Release */ = {
			isa = XCBuildConfiguration;
			buildSettings = {
				ASSETCATALOG_COMPILER_APPICON_NAME = AppIcon;
				ASSETCATALOG_COMPILER_GLOBAL_ACCENT_COLOR_NAME = AccentColor;
				CODE_SIGN_ENTITLEMENTS = NotesTodo/NotesTodo.entitlements;
				CODE_SIGN_STYLE = Automatic;
				CURRENT_PROJECT_VERSION = 1;
				DEVELOPMENT_ASSET_PATHS = "\"NotesTodo/Preview Content\"";
				ENABLE_PREVIEWS = YES;
				GENERATE_INFOPLIST_FILE = YES;
				"INFOPLIST_KEY_UIApplicationSceneManifest_Generation[sdk=iphoneos*]" = YES;
				"INFOPLIST_KEY_UIApplicationSceneManifest_Generation[sdk=iphonesimulator*]" = YES;
				"INFOPLIST_KEY_UIApplicationSupportsIndirectInputEvents[sdk=iphoneos*]" = YES;
				"INFOPLIST_KEY_UIApplicationSupportsIndirectInputEvents[sdk=iphonesimulator*]" = YES;
				"INFOPLIST_KEY_UILaunchScreen_Generation[sdk=iphoneos*]" = YES;
				"INFOPLIST_KEY_UILaunchScreen_Generation[sdk=iphonesimulator*]" = YES;
				"INFOPLIST_KEY_UIStatusBarStyle[sdk=iphoneos*]" = UIStatusBarStyleDefault;
				"INFOPLIST_KEY_UIStatusBarStyle[sdk=iphonesimulator*]" = UIStatusBarStyleDefault;
				INFOPLIST_KEY_UISupportedInterfaceOrientations_iPad = "UIInterfaceOrientationPortrait UIInterfaceOrientationPortraitUpsideDown UIInterfaceOrientationLandscapeLeft UIInterfaceOrientationLandscapeRight";
				INFOPLIST_KEY_UISupportedInterfaceOrientations_iPhone = "UIInterfaceOrientationPortrait UIInterfaceOrientationLandscapeLeft UIInterfaceOrientationLandscapeRight";
				IPHONEOS_DEPLOYMENT_TARGET = 16.2;
				LD_RUNPATH_SEARCH_PATHS = "@executable_path/Frameworks";
				"LD_RUNPATH_SEARCH_PATHS[sdk=macosx*]" = "@executable_path/../Frameworks";
				MACOSX_DEPLOYMENT_TARGET = 13.1;
				MARKETING_VERSION = 1.0;
				PRODUCT_BUNDLE_IDENTIFIER = com.baddazi.NotesTodo;
				PRODUCT_NAME = "$(TARGET_NAME)";
				SDKROOT = auto;
				SUPPORTED_PLATFORMS = "iphoneos iphonesimulator macosx";
				SWIFT_EMIT_LOC_STRINGS = YES;
				SWIFT_VERSION = 5.0;
				TARGETED_DEVICE_FAMILY = "1,2";
			};
			name = Release;
		};
		ED77080629AD3C08009AB601 /* Debug */ = {
			isa = XCBuildConfiguration;
			buildSettings = {
				ALWAYS_EMBED_SWIFT_STANDARD_LIBRARIES = YES;
				BUNDLE_LOADER = "$(TEST_HOST)";
				CODE_SIGN_STYLE = Automatic;
				CURRENT_PROJECT_VERSION = 1;
				GENERATE_INFOPLIST_FILE = YES;
				IPHONEOS_DEPLOYMENT_TARGET = 16.2;
				MACOSX_DEPLOYMENT_TARGET = 13.1;
				MARKETING_VERSION = 1.0;
				PRODUCT_BUNDLE_IDENTIFIER = com.baddazi.NotesTodoTests;
				PRODUCT_NAME = "$(TARGET_NAME)";
				SDKROOT = auto;
				SUPPORTED_PLATFORMS = "iphoneos iphonesimulator macosx";
				SWIFT_EMIT_LOC_STRINGS = NO;
				SWIFT_VERSION = 5.0;
				TARGETED_DEVICE_FAMILY = "1,2";
				TEST_HOST = "$(BUILT_PRODUCTS_DIR)/NotesTodo.app/$(BUNDLE_EXECUTABLE_FOLDER_PATH)/NotesTodo";
			};
			name = Debug;
		};
		ED77080729AD3C08009AB601 /* Release */ = {
			isa = XCBuildConfiguration;
			buildSettings = {
				ALWAYS_EMBED_SWIFT_STANDARD_LIBRARIES = YES;
				BUNDLE_LOADER = "$(TEST_HOST)";
				CODE_SIGN_STYLE = Automatic;
				CURRENT_PROJECT_VERSION = 1;
				GENERATE_INFOPLIST_FILE = YES;
				IPHONEOS_DEPLOYMENT_TARGET = 16.2;
				MACOSX_DEPLOYMENT_TARGET = 13.1;
				MARKETING_VERSION = 1.0;
				PRODUCT_BUNDLE_IDENTIFIER = com.baddazi.NotesTodoTests;
				PRODUCT_NAME = "$(TARGET_NAME)";
				SDKROOT = auto;
				SUPPORTED_PLATFORMS = "iphoneos iphonesimulator macosx";
				SWIFT_EMIT_LOC_STRINGS = NO;
				SWIFT_VERSION = 5.0;
				TARGETED_DEVICE_FAMILY = "1,2";
				TEST_HOST = "$(BUILT_PRODUCTS_DIR)/NotesTodo.app/$(BUNDLE_EXECUTABLE_FOLDER_PATH)/NotesTodo";
			};
			name = Release;
		};
		ED77080929AD3C08009AB601 /* Debug */ = {
			isa = XCBuildConfiguration;
			buildSettings = {
				ALWAYS_EMBED_SWIFT_STANDARD_LIBRARIES = YES;
				CODE_SIGN_STYLE = Automatic;
				CURRENT_PROJECT_VERSION = 1;
				GENERATE_INFOPLIST_FILE = YES;
				IPHONEOS_DEPLOYMENT_TARGET = 16.2;
				MACOSX_DEPLOYMENT_TARGET = 13.1;
				MARKETING_VERSION = 1.0;
				PRODUCT_BUNDLE_IDENTIFIER = com.baddazi.NotesTodoUITests;
				PRODUCT_NAME = "$(TARGET_NAME)";
				SDKROOT = auto;
				SUPPORTED_PLATFORMS = "iphoneos iphonesimulator macosx";
				SWIFT_EMIT_LOC_STRINGS = NO;
				SWIFT_VERSION = 5.0;
				TARGETED_DEVICE_FAMILY = "1,2";
				TEST_TARGET_NAME = NotesTodo;
			};
			name = Debug;
		};
		ED77080A29AD3C08009AB601 /* Release */ = {
			isa = XCBuildConfiguration;
			buildSettings = {
				ALWAYS_EMBED_SWIFT_STANDARD_LIBRARIES = YES;
				CODE_SIGN_STYLE = Automatic;
				CURRENT_PROJECT_VERSION = 1;
				GENERATE_INFOPLIST_FILE = YES;
				IPHONEOS_DEPLOYMENT_TARGET = 16.2;
				MACOSX_DEPLOYMENT_TARGET = 13.1;
				MARKETING_VERSION = 1.0;
				PRODUCT_BUNDLE_IDENTIFIER = com.baddazi.NotesTodoUITests;
				PRODUCT_NAME = "$(TARGET_NAME)";
				SDKROOT = auto;
				SUPPORTED_PLATFORMS = "iphoneos iphonesimulator macosx";
				SWIFT_EMIT_LOC_STRINGS = NO;
				SWIFT_VERSION = 5.0;
				TARGETED_DEVICE_FAMILY = "1,2";
				TEST_TARGET_NAME = NotesTodo;
			};
			name = Release;
		};
/* End XCBuildConfiguration section */

/* Begin XCConfigurationList section */
		ED7707D829AD3C07009AB601 /* Build configuration list for PBXProject "NotesTodo" */ = {
			isa = XCConfigurationList;
			buildConfigurations = (
				ED77080029AD3C08009AB601 /* Debug */,
				ED77080129AD3C08009AB601 /* Release */,
			);
			defaultConfigurationIsVisible = 0;
			defaultConfigurationName = Release;
		};
		ED77080229AD3C08009AB601 /* Build configuration list for PBXNativeTarget "NotesTodo" */ = {
			isa = XCConfigurationList;
			buildConfigurations = (
				ED77080329AD3C08009AB601 /* Debug */,
				ED77080429AD3C08009AB601 /* Release */,
			);
			defaultConfigurationIsVisible = 0;
			defaultConfigurationName = Release;
		};
		ED77080529AD3C08009AB601 /* Build configuration list for PBXNativeTarget "NotesTodoTests" */ = {
			isa = XCConfigurationList;
			buildConfigurations = (
				ED77080629AD3C08009AB601 /* Debug */,
				ED77080729AD3C08009AB601 /* Release */,
			);
			defaultConfigurationIsVisible = 0;
			defaultConfigurationName = Release;
		};
		ED77080829AD3C08009AB601 /* Build configuration list for PBXNativeTarget "NotesTodoUITests" */ = {
			isa = XCConfigurationList;
			buildConfigurations = (
				ED77080929AD3C08009AB601 /* Debug */,
				ED77080A29AD3C08009AB601 /* Release */,
			);
			defaultConfigurationIsVisible = 0;
			defaultConfigurationName = Release;
		};
/* End XCConfigurationList section */
	};
	rootObject = ED7707D529AD3C07009AB601 /* Project object */;
}
